
Microsoft Visual Studio Solution File, Format Version 12.00
# Visual Studio 15
VisualStudioVersion = 15.0.27004.2002
MinimumVisualStudioVersion = 10.0.40219.1
Project("{FAE04EC0-301F-11D3-BF4B-00C04F79EFBC}") = "MESI_Simulator", "MESI_Simulator\MESI_Simulator.csproj", "{DE219E88-971E-4F1B-9321-3DEE6C874016}"
EndProject
Global
	GlobalSection(SolutionConfigurationPlatforms) = preSolution
		Debug|Any CPU = Debug|Any CPU
		Release|Any CPU = Release|Any CPU
	EndGlobalSection
	GlobalSection(ProjectConfigurationPlatforms) = postSolution
		{DE219E88-971E-4F1B-9321-3DEE6C874016}.Debug|Any CPU.ActiveCfg = Debug|Any CPU
		{DE219E88-971E-4F1B-9321-3DEE6C874016}.Debug|Any CPU.Build.0 = Debug|Any CPU
		{DE219E88-971E-4F1B-9321-3DEE6C874016}.Release|Any CPU.ActiveCfg = Release|Any CPU
		{DE219E88-971E-4F1B-9321-3DEE6C874016}.Release|Any CPU.Build.0 = Release|Any CPU
	EndGlobalSection
	GlobalSection(SolutionProperties) = preSolution
		HideSolutionNode = FALSE
	EndGlobalSection
	GlobalSection(ExtensibilityGlobals) = postSolution
		SolutionGuid = {8522EACF-02CF-4AB7-87AE-EA17A8B940F2}
	EndGlobalSection
EndGlobal
